
Microsoft Visual Studio Solution File, Format Version 12.00
# Visual Studio Version 17
VisualStudioVersion = 17.14.36414.22 d17.14
MinimumVisualStudioVersion = 10.0.40219.1
Project("{FAE04EC0-301F-11D3-BF4B-00C04F79EFBC}") = "hardware", "hardware\hardware.csproj", "{3086383C-1719-4AEC-94C7-3A784811C377}"
EndProject
Global
	GlobalSection(SolutionConfigurationPlatforms) = preSolution
		Debug|Any CPU = Debug|Any CPU
		Release|Any CPU = Release|Any CPU
	EndGlobalSection
	GlobalSection(ProjectConfigurationPlatforms) = postSolution
		{3086383C-1719-4AEC-94C7-3A784811C377}.Debug|Any CPU.ActiveCfg = Debug|Any CPU
		{3086383C-1719-4AEC-94C7-3A784811C377}.Debug|Any CPU.Build.0 = Debug|Any CPU
		{3086383C-1719-4AEC-94C7-3A784811C377}.Release|Any CPU.ActiveCfg = Release|Any CPU
		{3086383C-1719-4AEC-94C7-3A784811C377}.Release|Any CPU.Build.0 = Release|Any CPU
	EndGlobalSection
	GlobalSection(SolutionProperties) = preSolution
		HideSolutionNode = FALSE
	EndGlobalSection
	GlobalSection(ExtensibilityGlobals) = postSolution
		SolutionGuid = {DB2D65D9-9B67-4437-BA89-1C9320329972}
	EndGlobalSection
EndGlobal
